// !$*UTF8*$!
{
	archiveVersion = 1;
	classes = {
	};
	objectVersion = 46;
	objects = {

/* Begin PBXBuildFile section */
		046D5EDF1D744024003E3A74 /* main.m in Sources */ = {isa = PBXBuildFile; fileRef = 046D5EDE1D744024003E3A74 /* main.m */; };
		046D5EE21D744024003E3A74 /* AppDelegate.m in Sources */ = {isa = PBXBuildFile; fileRef = 046D5EE11D744024003E3A74 /* AppDelegate.m */; };
		046D5EE51D744025003E3A74 /* ViewController.m in Sources */ = {isa = PBXBuildFile; fileRef = 046D5EE41D744025003E3A74 /* ViewController.m */; };
		046D5EE81D744025003E3A74 /* Main.storyboard in Resources */ = {isa = PBXBuildFile; fileRef = 046D5EE61D744025003E3A74 /* Main.storyboard */; };
		046D5EEA1D744025003E3A74 /* Assets.xcassets in Resources */ = {isa = PBXBuildFile; fileRef = 046D5EE91D744025003E3A74 /* Assets.xcassets */; };
		046D5EED1D744025003E3A74 /* LaunchScreen.storyboard in Resources */ = {isa = PBXBuildFile; fileRef = 046D5EEB1D744025003E3A74 /* LaunchScreen.storyboard */; };
/* End PBXBuildFile section */

/* Begin PBXFileReference section */
		046D5EDA1D744024003E3A74 /* BMSilence.app */ = {isa = PBXFileReference; explicitFileType = wrapper.application; includeInIndex = 0; path = BMSilence.app; sourceTree = BUILT_PRODUCTS_DIR; };
		046D5EDE1D744024003E3A74 /* main.m */ = {isa = PBXFileReference; lastKnownFileType = sourcecode.c.objc; path = main.m; sourceTree = "<group>"; };
		046D5EE01D744024003E3A74 /* AppDelegate.h */ = {isa = PBXFileReference; lastKnownFileType = sourcecode.c.h; path = AppDelegate.h; sourceTree = "<group>"; };
		046D5EE11D744024003E3A74 /* AppDelegate.m */ = {isa = PBXFileReference; lastKnownFileType = sourcecode.c.objc; path = AppDelegate.m; sourceTree = "<group>"; };
		046D5EE31D744024003E3A74 /* ViewController.h */ = {isa = PBXFileReference; lastKnownFileType = sourcecode.c.h; path = ViewController.h; sourceTree = "<group>"; };
		046D5EE41D744025003E3A74 /* ViewController.m */ = {isa = PBXFileReference; lastKnownFileType = sourcecode.c.objc; path = ViewController.m; sourceTree = "<group>"; };
		046D5EE71D744025003E3A74 /* Base */ = {isa = PBXFileReference; lastKnownFileType = file.storyboard; name = Base; path = Base.lproj/Main.storyboard; sourceTree = "<group>"; };
		046D5EE91D744025003E3A74 /* Assets.xcassets */ = {isa = PBXFileReference; lastKnownFileType = folder.assetcatalog; path = Assets.xcassets; sourceTree = "<group>"; };
		046D5EEC1D744025003E3A74 /* Base */ = {isa = PBXFileReference; lastKnownFileType = file.storyboard; name = Base; path = Base.lproj/LaunchScreen.storyboard; sourceTree = "<group>"; };
		046D5EEE1D744025003E3A74 /* Info.plist */ = {isa = PBXFileReference; lastKnownFileType = text.plist.xml; path = Info.plist; sourceTree = "<group>"; };
/* End PBXFileReference section */

/* Begin PBXFrameworksBuildPhase section */
		046D5ED71D744024003E3A74 /* Frameworks */ = {
			isa = PBXFrameworksBuildPhase;
			buildActionMask = 2147483647;
			files = (
			);
			runOnlyForDeploymentPostprocessing = 0;
		};
/* End PBXFrameworksBuildPhase section */

/* Begin PBXGroup section */
		046D5ED11D744024003E3A74 = {
			isa = PBXGroup;
			children = (
				046D5EDC1D744024003E3A74 /* BMSilence */,
				046D5EDB1D744024003E3A74 /* Products */,
			);
			sourceTree = "<group>";
		};
		046D5EDB1D744024003E3A74 /* Products */ = {
			isa = PBXGroup;
			children = (
				046D5EDA1D744024003E3A74 /* BMSilence.app */,
			);
			name = Products;
			sourceTree = "<group>";
		};
		046D5EDC1D744024003E3A74 /* BMSilence */ = {
			isa = PBXGroup;
			children = (
				046D5EE01D744024003E3A74 /* AppDelegate.h */,
				046D5EE11D744024003E3A74 /* AppDelegate.m */,
				046D5EE31D744024003E3A74 /* ViewController.h */,
				046D5EE41D744025003E3A74 /* ViewController.m */,
				046D5EE61D744025003E3A74 /* Main.storyboard */,
				046D5EE91D744025003E3A74 /* Assets.xcassets */,
				046D5EEB1D744025003E3A74 /* LaunchScreen.storyboard */,
				046D5EEE1D744025003E3A74 /* Info.plist */,
				046D5EDD1D744024003E3A74 /* Supporting Files */,
			);
			path = BMSilence;
			sourceTree = "<group>";
		};
		046D5EDD1D744024003E3A74 /* Supporting Files */ = {
			isa = PBXGroup;
			children = (
				046D5EDE1D744024003E3A74 /* main.m */,
			);
			name = "Supporting Files";
			sourceTree = "<group>";
		};
/* End PBXGroup section */

/* Begin PBXNativeTarget section */
		046D5ED91D744024003E3A74 /* BMSilence */ = {
			isa = PBXNativeTarget;
			buildConfigurationList = 046D5EF11D744025003E3A74 /* Build configuration list for PBXNativeTarget "BMSilence" */;
			buildPhases = (
				046D5ED61D744024003E3A74 /* Sources */,
				046D5ED71D744024003E3A74 /* Frameworks */,
				046D5ED81D744024003E3A74 /* Resources */,
			);
			buildRules = (
			);
			dependencies = (
			);
			name = BMSilence;
			productName = BMSilence;
			productReference = 046D5EDA1D744024003E3A74 /* BMSilence.app */;
			productType = "com.apple.product-type.application";
		};
/* End PBXNativeTarget section */

/* Begin PBXProject section */
		046D5ED21D744024003E3A74 /* Project object */ = {
			isa = PBXProject;
			attributes = {
				LastUpgradeCheck = 0710;
				ORGANIZATIONNAME = mac;
				TargetAttributes = {
					046D5ED91D744024003E3A74 = {
						CreatedOnToolsVersion = 7.1;
					};
				};
			};
			buildConfigurationList = 046D5ED51D744024003E3A74 /* Build configuration list for PBXProject "BMSilence" */;
			compatibilityVersion = "Xcode 3.2";
			developmentRegion = English;
			hasScannedForEncodings = 0;
			knownRegions = (
				en,
				Base,
			);
			mainGroup = 046D5ED11D744024003E3A74;
			productRefGroup = 046D5EDB1D744024003E3A74 /* Products */;
			projectDirPath = "";
			projectRoot = "";
			targets = (
				046D5ED91D744024003E3A74 /* BMSilence */,
			);
		};
/* End PBXProject section */

/* Begin PBXResourcesBuildPhase section */
		046D5ED81D744024003E3A74 /* Resources */ = {
			isa = PBXResourcesBuildPhase;
			buildActionMask = 2147483647;
			files = (
				046D5EED1D744025003E3A74 /* LaunchScreen.storyboard in Resources */,
				046D5EEA1D744025003E3A74 /* Assets.xcassets in Resources */,
				046D5EE81D744025003E3A74 /* Main.storyboard in Resources */,
			);
			runOnlyForDeploymentPostprocessing = 0;
		};
/* End PBXResourcesBuildPhase section */

/* Begin PBXSourcesBuildPhase section */
		046D5ED61D744024003E3A74 /* Sources */ = {
			isa = PBXSourcesBuildPhase;
			buildActionMask = 2147483647;
			files = (
				046D5EE51D744025003E3A74 /* ViewController.m in Sources */,
				046D5EE21D744024003E3A74 /* AppDelegate.m in Sources */,
				046D5EDF1D744024003E3A74 /* main.m in Sources */,
			);
			runOnlyForDeploymentPostprocessing = 0;
		};
/* End PBXSourcesBuildPhase section */

/* Begin PBXVariantGroup section */
		046D5EE61D744025003E3A74 /* Main.storyboard */ = {
			isa = PBXVariantGroup;
			children = (
				046D5EE71D744025003E3A74 /* Base */,
			);
			name = Main.storyboard;
			sourceTree = "<group>";
		};
		046D5EEB1D744025003E3A74 /* LaunchScreen.storyboard */ = {
			isa = PBXVariantGroup;
			children = (
				046D5EEC1D744025003E3A74 /* Base */,
			);
			name = LaunchScreen.storyboard;
			sourceTree = "<group>";
		};
/* End PBXVariantGroup section */

/* Begin XCBuildConfiguration section */
		046D5EEF1D744025003E3A74 /* Debug */ = {
			isa = XCBuildConfiguration;
			buildSettings = {
				ALWAYS_SEARCH_USER_PATHS = NO;
				CLANG_CXX_LANGUAGE_STANDARD = "gnu++0x";
				CLANG_CXX_LIBRARY = "libc++";
				CLANG_ENABLE_MODULES = YES;
				CLANG_ENABLE_OBJC_ARC = YES;
				CLANG_WARN_BOOL_CONVERSION = YES;
				CLANG_WARN_CONSTANT_CONVERSION = YES;
				CLANG_WARN_DIRECT_OBJC_ISA_USAGE = YES_ERROR;
				CLANG_WARN_EMPTY_BODY = YES;
				CLANG_WARN_ENUM_CONVERSION = YES;
				CLANG_WARN_INT_CONVERSION = YES;
				CLANG_WARN_OBJC_ROOT_CLASS = YES_ERROR;
				CLANG_WARN_UNREACHABLE_CODE = YES;
				CLANG_WARN__DUPLICATE_METHOD_MATCH = YES;
				"CODE_SIGN_IDENTITY[sdk=iphoneos*]" = "iPhone Developer";
				COPY_PHASE_STRIP = NO;
				DEBUG_INFORMATION_FORMAT = dwarf;
				ENABLE_STRICT_OBJC_MSGSEND = YES;
				ENABLE_TESTABILITY = YES;
				GCC_C_LANGUAGE_STANDARD = gnu99;
				GCC_DYNAMIC_NO_PIC = NO;
				GCC_NO_COMMON_BLOCKS = YES;
				GCC_OPTIMIZATION_LEVEL = 0;
				GCC_PREPROCESSOR_DEFINITIONS = (
					"DEBUG=1",
					"$(inherited)",
				);
				GCC_WARN_64_TO_32_BIT_CONVERSION = YES;
				GCC_WARN_ABOUT_RETURN_TYPE = YES_ERROR;
				GCC_WARN_UNDECLARED_SELECTOR = YES;
				GCC_WARN_UNINITIALIZED_AUTOS = YES_AGGRESSIVE;
				GCC_WARN_UNUSED_FUNCTION = YES;
				GCC_WARN_UNUSED_VARIABLE = YES;
				IPHONEOS_DEPLOYMENT_TARGET = 9.1;
				MTL_ENABLE_DEBUG_INFO = YES;
				ONLY_ACTIVE_ARCH = YES;
				SDKROOT = iphoneos;
			};
			name = Debug;
		};
		046D5EF01D744025003E3A74 /* Release */ = {
			isa = XCBuildConfiguration;
			buildSettings = {
				ALWAYS_SEARCH_USER_PATHS = NO;
				CLANG_CXX_LANGUAGE_STANDARD = "gnu++0x";
				CLANG_CXX_LIBRARY = "libc++";
				CLANG_ENABLE_MODULES = YES;
				CLANG_ENABLE_OBJC_ARC = YES;
				CLANG_WARN_BOOL_CONVERSION = YES;
				CLANG_WARN_CONSTANT_CONVERSION = YES;
				CLANG_WARN_DIRECT_OBJC_ISA_USAGE = YES_ERROR;
				CLANG_WARN_EMPTY_BODY = YES;
				CLANG_WARN_ENUM_CONVERSION = YES;
				CLANG_WARN_INT_CONVERSION = YES;
				CLANG_WARN_OBJC_ROOT_CLASS = YES_ERROR;
				CLANG_WARN_UNREACHABLE_CODE = YES;
				CLANG_WARN__DUPLICATE_METHOD_MATCH = YES;
				"CODE_SIGN_IDENTITY[sdk=iphoneos*]" = "iPhone Developer";
				COPY_PHASE_STRIP = NO;
				DEBUG_INFORMATION_FORMAT = "dwarf-with-dsym";
				ENABLE_NS_ASSERTIONS = NO;
				ENABLE_STRICT_OBJC_MSGSEND = YES;
				GCC_C_LANGUAGE_STANDARD = gnu99;
				GCC_NO_COMMON_BLOCKS = YES;
				GCC_WARN_64_TO_32_BIT_CONVERSION = YES;
				GCC_WARN_ABOUT_RETURN_TYPE = YES_ERROR;
				GCC_WARN_UNDECLARED_SELECTOR = YES;
				GCC_WARN_UNINITIALIZED_AUTOS = YES_AGGRESSIVE;
				GCC_WARN_UNUSED_FUNCTION = YES;
				GCC_WARN_UNUSED_VARIABLE = YES;
				IPHONEOS_DEPLOYMENT_TARGET = 9.1;
				MTL_ENABLE_DEBUG_INFO = NO;
				SDKROOT = iphoneos;
				VALIDATE_PRODUCT = YES;
			};
			name = Release;
		};
		046D5EF21D744025003E3A74 /* Debug */ = {
			isa = XCBuildConfiguration;
			buildSettings = {
				ASSETCATALOG_COMPILER_APPICON_NAME = AppIcon;
				INFOPLIST_FILE = BMSilence/Info.plist;
				LD_RUNPATH_SEARCH_PATHS = "$(inherited) @executable_path/Frameworks";
				PRODUCT_BUNDLE_IDENTIFIER = macb.BMSilence;
				PRODUCT_NAME = "$(TARGET_NAME)";
			};
			name = Debug;
		};
		046D5EF31D744025003E3A74 /* Release */ = {
			isa = XCBuildConfiguration;
			buildSettings = {
				ASSETCATALOG_COMPILER_APPICON_NAME = AppIcon;
				INFOPLIST_FILE = BMSilence/Info.plist;
				LD_RUNPATH_SEARCH_PATHS = "$(inherited) @executable_path/Frameworks";
				PRODUCT_BUNDLE_IDENTIFIER = macb.BMSilence;
				PRODUCT_NAME = "$(TARGET_NAME)";
			};
			name = Release;
		};
/* End XCBuildConfiguration section */

/* Begin XCConfigurationList section */
		046D5ED51D744024003E3A74 /* Build configuration list for PBXProject "BMSilence" */ = {
			isa = XCConfigurationList;
			buildConfigurations = (
				046D5EEF1D744025003E3A74 /* Debug */,
				046D5EF01D744025003E3A74 /* Release */,
			);
			defaultConfigurationIsVisible = 0;
			defaultConfigurationName = Release;
		};
		046D5EF11D744025003E3A74 /* Build configuration list for PBXNativeTarget "BMSilence" */ = {
			isa = XCConfigurationList;
			buildConfigurations = (
				046D5EF21D744025003E3A74 /* Debug */,
				046D5EF31D744025003E3A74 /* Release */,
			);
			defaultConfigurationIsVisible = 0;
		};
/* End XCConfigurationList section */
	};
	rootObject = 046D5ED21D744024003E3A74 /* Project object */;
}
